
Microsoft Visual Studio Solution File, Format Version 12.00
# Visual Studio Version 16
VisualStudioVersion = 16.0.31205.134
MinimumVisualStudioVersion = 10.0.40219.1
Project("{FAE04EC0-301F-11D3-BF4B-00C04F79EFBC}") = "ContactTracingForm-MiguelGonzalez", "ContactTracingForm-MiguelGonzalez.csproj", "{901F11BF-C070-4762-A626-86F9488B0577}"
EndProject
Global
	GlobalSection(SolutionConfigurationPlatforms) = preSolution
		Debug|Any CPU = Debug|Any CPU
		Release|Any CPU = Release|Any CPU
	EndGlobalSection
	GlobalSection(ProjectConfigurationPlatforms) = postSolution
		{901F11BF-C070-4762-A626-86F9488B0577}.Debug|Any CPU.ActiveCfg = Debug|Any CPU
		{901F11BF-C070-4762-A626-86F9488B0577}.Debug|Any CPU.Build.0 = Debug|Any CPU
		{901F11BF-C070-4762-A626-86F9488B0577}.Release|Any CPU.ActiveCfg = Release|Any CPU
		{901F11BF-C070-4762-A626-86F9488B0577}.Release|Any CPU.Build.0 = Release|Any CPU
	EndGlobalSection
	GlobalSection(SolutionProperties) = preSolution
		HideSolutionNode = FALSE
	EndGlobalSection
	GlobalSection(ExtensibilityGlobals) = postSolution
		SolutionGuid = {D8D52B83-E8F3-4E49-8A6D-634AD6883490}
	EndGlobalSection
EndGlobal
